// !$*UTF8*$!
{
	archiveVersion = 1;
	classes = {
	};
	objectVersion = 50;
	objects = {

/* Begin PBXBuildFile section */
		F94F896723FEFB1C007BE5B3 /* AppDelegate.swift in Sources */ = {isa = PBXBuildFile; fileRef = F94F896623FEFB1C007BE5B3 /* AppDelegate.swift */; };
		F94F896923FEFB1C007BE5B3 /* SceneDelegate.swift in Sources */ = {isa = PBXBuildFile; fileRef = F94F896823FEFB1C007BE5B3 /* SceneDelegate.swift */; };
		F94F896B23FEFB1C007BE5B3 /* ViewController.swift in Sources */ = {isa = PBXBuildFile; fileRef = F94F896A23FEFB1C007BE5B3 /* ViewController.swift */; };
		F94F896E23FEFB1C007BE5B3 /* Main.storyboard in Resources */ = {isa = PBXBuildFile; fileRef = F94F896C23FEFB1C007BE5B3 /* Main.storyboard */; };
		F94F897023FEFB22007BE5B3 /* Assets.xcassets in Resources */ = {isa = PBXBuildFile; fileRef = F94F896F23FEFB22007BE5B3 /* Assets.xcassets */; };
		F94F897323FEFB22007BE5B3 /* LaunchScreen.storyboard in Resources */ = {isa = PBXBuildFile; fileRef = F94F897123FEFB22007BE5B3 /* LaunchScreen.storyboard */; };
/* End PBXBuildFile section */

/* Begin PBXFileReference section */
		F94F896323FEFB1C007BE5B3 /* TheMovieDB_VIPER.app */ = {isa = PBXFileReference; explicitFileType = wrapper.application; includeInIndex = 0; path = TheMovieDB_VIPER.app; sourceTree = BUILT_PRODUCTS_DIR; };
		F94F896623FEFB1C007BE5B3 /* AppDelegate.swift */ = {isa = PBXFileReference; lastKnownFileType = sourcecode.swift; path = AppDelegate.swift; sourceTree = "<group>"; };
		F94F896823FEFB1C007BE5B3 /* SceneDelegate.swift */ = {isa = PBXFileReference; lastKnownFileType = sourcecode.swift; path = SceneDelegate.swift; sourceTree = "<group>"; };
		F94F896A23FEFB1C007BE5B3 /* ViewController.swift */ = {isa = PBXFileReference; lastKnownFileType = sourcecode.swift; path = ViewController.swift; sourceTree = "<group>"; };
		F94F896D23FEFB1C007BE5B3 /* Base */ = {isa = PBXFileReference; lastKnownFileType = file.storyboard; name = Base; path = Base.lproj/Main.storyboard; sourceTree = "<group>"; };
		F94F896F23FEFB22007BE5B3 /* Assets.xcassets */ = {isa = PBXFileReference; lastKnownFileType = folder.assetcatalog; path = Assets.xcassets; sourceTree = "<group>"; };
		F94F897223FEFB22007BE5B3 /* Base */ = {isa = PBXFileReference; lastKnownFileType = file.storyboard; name = Base; path = Base.lproj/LaunchScreen.storyboard; sourceTree = "<group>"; };
		F94F897423FEFB22007BE5B3 /* Info.plist */ = {isa = PBXFileReference; lastKnownFileType = text.plist.xml; path = Info.plist; sourceTree = "<group>"; };
/* End PBXFileReference section */

/* Begin PBXFrameworksBuildPhase section */
		F94F896023FEFB1C007BE5B3 /* Frameworks */ = {
			isa = PBXFrameworksBuildPhase;
			buildActionMask = 2147483647;
			files = (
			);
			runOnlyForDeploymentPostprocessing = 0;
		};
/* End PBXFrameworksBuildPhase section */

/* Begin PBXGroup section */
		F94F895A23FEFB1C007BE5B3 = {
			isa = PBXGroup;
			children = (
				F94F896523FEFB1C007BE5B3 /* TheMovieDB_VIPER */,
				F94F896423FEFB1C007BE5B3 /* Products */,
			);
			sourceTree = "<group>";
		};
		F94F896423FEFB1C007BE5B3 /* Products */ = {
			isa = PBXGroup;
			children = (
				F94F896323FEFB1C007BE5B3 /* TheMovieDB_VIPER.app */,
			);
			name = Products;
			sourceTree = "<group>";
		};
		F94F896523FEFB1C007BE5B3 /* TheMovieDB_VIPER */ = {
			isa = PBXGroup;
			children = (
				F94F896623FEFB1C007BE5B3 /* AppDelegate.swift */,
				F94F896823FEFB1C007BE5B3 /* SceneDelegate.swift */,
				F94F896A23FEFB1C007BE5B3 /* ViewController.swift */,
				F94F896C23FEFB1C007BE5B3 /* Main.storyboard */,
				F94F896F23FEFB22007BE5B3 /* Assets.xcassets */,
				F94F897123FEFB22007BE5B3 /* LaunchScreen.storyboard */,
				F94F897423FEFB22007BE5B3 /* Info.plist */,
			);
			path = TheMovieDB_VIPER;
			sourceTree = "<group>";
		};
/* End PBXGroup section */

/* Begin PBXNativeTarget section */
		F94F896223FEFB1C007BE5B3 /* TheMovieDB_VIPER */ = {
			isa = PBXNativeTarget;
			buildConfigurationList = F94F897723FEFB22007BE5B3 /* Build configuration list for PBXNativeTarget "TheMovieDB_VIPER" */;
			buildPhases = (
				F94F895F23FEFB1C007BE5B3 /* Sources */,
				F94F896023FEFB1C007BE5B3 /* Frameworks */,
				F94F896123FEFB1C007BE5B3 /* Resources */,
			);
			buildRules = (
			);
			dependencies = (
			);
			name = TheMovieDB_VIPER;
			productName = TheMovieDB_VIPER;
			productReference = F94F896323FEFB1C007BE5B3 /* TheMovieDB_VIPER.app */;
			productType = "com.apple.product-type.application";
		};
/* End PBXNativeTarget section */

/* Begin PBXProject section */
		F94F895B23FEFB1C007BE5B3 /* Project object */ = {
			isa = PBXProject;
			attributes = {
				LastSwiftUpdateCheck = 1120;
				LastUpgradeCheck = 1120;
				ORGANIZATIONNAME = "Varol AKSOY";
				TargetAttributes = {
					F94F896223FEFB1C007BE5B3 = {
						CreatedOnToolsVersion = 11.2.1;
					};
				};
			};
			buildConfigurationList = F94F895E23FEFB1C007BE5B3 /* Build configuration list for PBXProject "TheMovieDB_VIPER" */;
			compatibilityVersion = "Xcode 9.3";
			developmentRegion = en;
			hasScannedForEncodings = 0;
			knownRegions = (
				en,
				Base,
			);
			mainGroup = F94F895A23FEFB1C007BE5B3;
			productRefGroup = F94F896423FEFB1C007BE5B3 /* Products */;
			projectDirPath = "";
			projectRoot = "";
			targets = (
				F94F896223FEFB1C007BE5B3 /* TheMovieDB_VIPER */,
			);
		};
/* End PBXProject section */

/* Begin PBXResourcesBuildPhase section */
		F94F896123FEFB1C007BE5B3 /* Resources */ = {
			isa = PBXResourcesBuildPhase;
			buildActionMask = 2147483647;
			files = (
				F94F897323FEFB22007BE5B3 /* LaunchScreen.storyboard in Resources */,
				F94F897023FEFB22007BE5B3 /* Assets.xcassets in Resources */,
				F94F896E23FEFB1C007BE5B3 /* Main.storyboard in Resources */,
			);
			runOnlyForDeploymentPostprocessing = 0;
		};
/* End PBXResourcesBuildPhase section */

/* Begin PBXSourcesBuildPhase section */
		F94F895F23FEFB1C007BE5B3 /* Sources */ = {
			isa = PBXSourcesBuildPhase;
			buildActionMask = 2147483647;
			files = (
				F94F896B23FEFB1C007BE5B3 /* ViewController.swift in Sources */,
				F94F896723FEFB1C007BE5B3 /* AppDelegate.swift in Sources */,
				F94F896923FEFB1C007BE5B3 /* SceneDelegate.swift in Sources */,
			);
			runOnlyForDeploymentPostprocessing = 0;
		};
/* End PBXSourcesBuildPhase section */

/* Begin PBXVariantGroup section */
		F94F896C23FEFB1C007BE5B3 /* Main.storyboard */ = {
			isa = PBXVariantGroup;
			children = (
				F94F896D23FEFB1C007BE5B3 /* Base */,
			);
			name = Main.storyboard;
			sourceTree = "<group>";
		};
		F94F897123FEFB22007BE5B3 /* LaunchScreen.storyboard */ = {
			isa = PBXVariantGroup;
			children = (
				F94F897223FEFB22007BE5B3 /* Base */,
			);
			name = LaunchScreen.storyboard;
			sourceTree = "<group>";
		};
/* End PBXVariantGroup section */

/* Begin XCBuildConfiguration section */
		F94F897523FEFB22007BE5B3 /* Debug */ = {
			isa = XCBuildConfiguration;
			buildSettings = {
				ALWAYS_SEARCH_USER_PATHS = NO;
				CLANG_ANALYZER_NONNULL = YES;
				CLANG_ANALYZER_NUMBER_OBJECT_CONVERSION = YES_AGGRESSIVE;
				CLANG_CXX_LANGUAGE_STANDARD = "gnu++14";
				CLANG_CXX_LIBRARY = "libc++";
				CLANG_ENABLE_MODULES = YES;
				CLANG_ENABLE_OBJC_ARC = YES;
				CLANG_ENABLE_OBJC_WEAK = YES;
				CLANG_WARN_BLOCK_CAPTURE_AUTORELEASING = YES;
				CLANG_WARN_BOOL_CONVERSION = YES;
				CLANG_WARN_COMMA = YES;
				CLANG_WARN_CONSTANT_CONVERSION = YES;
				CLANG_WARN_DEPRECATED_OBJC_IMPLEMENTATIONS = YES;
				CLANG_WARN_DIRECT_OBJC_ISA_USAGE = YES_ERROR;
				CLANG_WARN_DOCUMENTATION_COMMENTS = YES;
				CLANG_WARN_EMPTY_BODY = YES;
				CLANG_WARN_ENUM_CONVERSION = YES;
				CLANG_WARN_INFINITE_RECURSION = YES;
				CLANG_WARN_INT_CONVERSION = YES;
				CLANG_WARN_NON_LITERAL_NULL_CONVERSION = YES;
				CLANG_WARN_OBJC_IMPLICIT_RETAIN_SELF = YES;
				CLANG_WARN_OBJC_LITERAL_CONVERSION = YES;
				CLANG_WARN_OBJC_ROOT_CLASS = YES_ERROR;
				CLANG_WARN_RANGE_LOOP_ANALYSIS = YES;
				CLANG_WARN_STRICT_PROTOTYPES = YES;
				CLANG_WARN_SUSPICIOUS_MOVE = YES;
				CLANG_WARN_UNGUARDED_AVAILABILITY = YES_AGGRESSIVE;
				CLANG_WARN_UNREACHABLE_CODE = YES;
				CLANG_WARN__DUPLICATE_METHOD_MATCH = YES;
				COPY_PHASE_STRIP = NO;
				DEBUG_INFORMATION_FORMAT = dwarf;
				ENABLE_STRICT_OBJC_MSGSEND = YES;
				ENABLE_TESTABILITY = YES;
				GCC_C_LANGUAGE_STANDARD = gnu11;
				GCC_DYNAMIC_NO_PIC = NO;
				GCC_NO_COMMON_BLOCKS = YES;
				GCC_OPTIMIZATION_LEVEL = 0;
				GCC_PREPROCESSOR_DEFINITIONS = (
					"DEBUG=1",
					"$(inherited)",
				);
				GCC_WARN_64_TO_32_BIT_CONVERSION = YES;
				GCC_WARN_ABOUT_RETURN_TYPE = YES_ERROR;
				GCC_WARN_UNDECLARED_SELECTOR = YES;
				GCC_WARN_UNINITIALIZED_AUTOS = YES_AGGRESSIVE;
				GCC_WARN_UNUSED_FUNCTION = YES;
				GCC_WARN_UNUSED_VARIABLE = YES;
				IPHONEOS_DEPLOYMENT_TARGET = 13.2;
				MTL_ENABLE_DEBUG_INFO = INCLUDE_SOURCE;
				MTL_FAST_MATH = YES;
				ONLY_ACTIVE_ARCH = YES;
				SDKROOT = iphoneos;
				SWIFT_ACTIVE_COMPILATION_CONDITIONS = DEBUG;
				SWIFT_OPTIMIZATION_LEVEL = "-Onone";
			};
			name = Debug;
		};
		F94F897623FEFB22007BE5B3 /* Release */ = {
			isa = XCBuildConfiguration;
			buildSettings = {
				ALWAYS_SEARCH_USER_PATHS = NO;
				CLANG_ANALYZER_NONNULL = YES;
				CLANG_ANALYZER_NUMBER_OBJECT_CONVERSION = YES_AGGRESSIVE;
				CLANG_CXX_LANGUAGE_STANDARD = "gnu++14";
				CLANG_CXX_LIBRARY = "libc++";
				CLANG_ENABLE_MODULES = YES;
				CLANG_ENABLE_OBJC_ARC = YES;
				CLANG_ENABLE_OBJC_WEAK = YES;
				CLANG_WARN_BLOCK_CAPTURE_AUTORELEASING = YES;
				CLANG_WARN_BOOL_CONVERSION = YES;
				CLANG_WARN_COMMA = YES;
				CLANG_WARN_CONSTANT_CONVERSION = YES;
				CLANG_WARN_DEPRECATED_OBJC_IMPLEMENTATIONS = YES;
				CLANG_WARN_DIRECT_OBJC_ISA_USAGE = YES_ERROR;
				CLANG_WARN_DOCUMENTATION_COMMENTS = YES;
				CLANG_WARN_EMPTY_BODY = YES;
				CLANG_WARN_ENUM_CONVERSION = YES;
				CLANG_WARN_INFINITE_RECURSION = YES;
				CLANG_WARN_INT_CONVERSION = YES;
				CLANG_WARN_NON_LITERAL_NULL_CONVERSION = YES;
				CLANG_WARN_OBJC_IMPLICIT_RETAIN_SELF = YES;
				CLANG_WARN_OBJC_LITERAL_CONVERSION = YES;
				CLANG_WARN_OBJC_ROOT_CLASS = YES_ERROR;
				CLANG_WARN_RANGE_LOOP_ANALYSIS = YES;
				CLANG_WARN_STRICT_PROTOTYPES = YES;
				CLANG_WARN_SUSPICIOUS_MOVE = YES;
				CLANG_WARN_UNGUARDED_AVAILABILITY = YES_AGGRESSIVE;
				CLANG_WARN_UNREACHABLE_CODE = YES;
				CLANG_WARN__DUPLICATE_METHOD_MATCH = YES;
				COPY_PHASE_STRIP = NO;
				DEBUG_INFORMATION_FORMAT = "dwarf-with-dsym";
				ENABLE_NS_ASSERTIONS = NO;
				ENABLE_STRICT_OBJC_MSGSEND = YES;
				GCC_C_LANGUAGE_STANDARD = gnu11;
				GCC_NO_COMMON_BLOCKS = YES;
				GCC_WARN_64_TO_32_BIT_CONVERSION = YES;
				GCC_WARN_ABOUT_RETURN_TYPE = YES_ERROR;
				GCC_WARN_UNDECLARED_SELECTOR = YES;
				GCC_WARN_UNINITIALIZED_AUTOS = YES_AGGRESSIVE;
				GCC_WARN_UNUSED_FUNCTION = YES;
				GCC_WARN_UNUSED_VARIABLE = YES;
				IPHONEOS_DEPLOYMENT_TARGET = 13.2;
				MTL_ENABLE_DEBUG_INFO = NO;
				MTL_FAST_MATH = YES;
				SDKROOT = iphoneos;
				SWIFT_COMPILATION_MODE = wholemodule;
				SWIFT_OPTIMIZATION_LEVEL = "-O";
				VALIDATE_PRODUCT = YES;
			};
			name = Release;
		};
		F94F897823FEFB22007BE5B3 /* Debug */ = {
			isa = XCBuildConfiguration;
			buildSettings = {
				ASSETCATALOG_COMPILER_APPICON_NAME = AppIcon;
				CODE_SIGN_STYLE = Automatic;
				DEVELOPMENT_TEAM = GDP6Y3828G;
				INFOPLIST_FILE = TheMovieDB_VIPER/Info.plist;
				LD_RUNPATH_SEARCH_PATHS = (
					"$(inherited)",
					"@executable_path/Frameworks",
				);
				PRODUCT_BUNDLE_IDENTIFIER = "com.Varol.TheMovieDB-VIPER";
				PRODUCT_NAME = "$(TARGET_NAME)";
				SWIFT_VERSION = 5.0;
				TARGETED_DEVICE_FAMILY = "1,2";
			};
			name = Debug;
		};
		F94F897923FEFB22007BE5B3 /* Release */ = {
			isa = XCBuildConfiguration;
			buildSettings = {
				ASSETCATALOG_COMPILER_APPICON_NAME = AppIcon;
				CODE_SIGN_STYLE = Automatic;
				DEVELOPMENT_TEAM = GDP6Y3828G;
				INFOPLIST_FILE = TheMovieDB_VIPER/Info.plist;
				LD_RUNPATH_SEARCH_PATHS = (
					"$(inherited)",
					"@executable_path/Frameworks",
				);
				PRODUCT_BUNDLE_IDENTIFIER = "com.Varol.TheMovieDB-VIPER";
				PRODUCT_NAME = "$(TARGET_NAME)";
				SWIFT_VERSION = 5.0;
				TARGETED_DEVICE_FAMILY = "1,2";
			};
			name = Release;
		};
/* End XCBuildConfiguration section */

/* Begin XCConfigurationList section */
		F94F895E23FEFB1C007BE5B3 /* Build configuration list for PBXProject "TheMovieDB_VIPER" */ = {
			isa = XCConfigurationList;
			buildConfigurations = (
				F94F897523FEFB22007BE5B3 /* Debug */,
				F94F897623FEFB22007BE5B3 /* Release */,
			);
			defaultConfigurationIsVisible = 0;
			defaultConfigurationName = Release;
		};
		F94F897723FEFB22007BE5B3 /* Build configuration list for PBXNativeTarget "TheMovieDB_VIPER" */ = {
			isa = XCConfigurationList;
			buildConfigurations = (
				F94F897823FEFB22007BE5B3 /* Debug */,
				F94F897923FEFB22007BE5B3 /* Release */,
			);
			defaultConfigurationIsVisible = 0;
			defaultConfigurationName = Release;
		};
/* End XCConfigurationList section */
	};
	rootObject = F94F895B23FEFB1C007BE5B3 /* Project object */;
}
